
Microsoft Visual Studio Solution File, Format Version 12.00
# Visual Studio Version 17
VisualStudioVersion = 17.8.34309.116
MinimumVisualStudioVersion = 10.0.40219.1
Project("{888888A0-9F3D-457C-B088-3A5042F75D52}") = "Algorithms", "Algorithms\Algorithms.pyproj", "{486B7D3F-BF1F-4C1D-BC49-395FD5E506DF}"
EndProject
Global
	GlobalSection(SolutionConfigurationPlatforms) = preSolution
		Debug|Any CPU = Debug|Any CPU
		Release|Any CPU = Release|Any CPU
	EndGlobalSection
	GlobalSection(ProjectConfigurationPlatforms) = postSolution
		{486B7D3F-BF1F-4C1D-BC49-395FD5E506DF}.Debug|Any CPU.ActiveCfg = Debug|Any CPU
		{486B7D3F-BF1F-4C1D-BC49-395FD5E506DF}.Release|Any CPU.ActiveCfg = Release|Any CPU
	EndGlobalSection
	GlobalSection(SolutionProperties) = preSolution
		HideSolutionNode = FALSE
	EndGlobalSection
	GlobalSection(ExtensibilityGlobals) = postSolution
		SolutionGuid = {55B6F525-8D73-4FDB-8C3B-DB1AFA352BAB}
	EndGlobalSection
EndGlobal
